{
  "version": 4,
  "terraform_version": "1.12.1",
  "serial": 8,
  "lineage": "f03f031c-5454-92f5-8bac-ac9e4aebf83e",
  "outputs": {},
  "resources": [
    {
      "module": "module.web_framework_n_knocks",
      "mode": "managed",
      "type": "github_branch_default",
      "name": "main",
      "provider": "provider[\"registry.terraform.io/hashicorp/github\"]",
      "instances": [
        {
          "schema_version": 0,
          "attributes": {
            "branch": "main",
            "etag": "W/\"2863cc1960c1379db7fa494ee9aa0ccc3b43da8a1a9cae9ddbc26473a68a6dfc\"",
            "id": "web-framework-n-knocks",
            "rename": false,
            "repository": "web-framework-n-knocks"
          },
          "sensitive_attributes": [],
          "identity_schema_version": 0,
          "private": "bnVsbA==",
          "dependencies": [
            "module.web_framework_n_knocks.github_repository.repository"
          ]
        }
      ]
    },
    {
      "module": "module.web_framework_n_knocks",
      "mode": "managed",
      "type": "github_repository",
      "name": "repository",
      "provider": "provider[\"registry.terraform.io/hashicorp/github\"]",
      "instances": [
        {
          "schema_version": 1,
          "attributes": {
            "allow_auto_merge": false,
            "allow_merge_commit": true,
            "allow_rebase_merge": true,
            "allow_squash_merge": true,
            "allow_update_branch": false,
            "archive_on_destroy": null,
            "archived": false,
            "auto_init": false,
            "default_branch": "main",
            "delete_branch_on_merge": false,
            "description": "Webフレームワークを学ぶためのリポジトリ",
            "etag": "W/\"c167f6c91053cc55587c36b9f55d9586886e214d517e6bf0af59bbeed44a978a\"",
            "full_name": "slopwell/web-framework-n-knocks",
            "git_clone_url": "git://github.com/slopwell/web-framework-n-knocks.git",
            "gitignore_template": null,
            "has_discussions": false,
            "has_downloads": false,
            "has_issues": true,
            "has_projects": false,
            "has_wiki": true,
            "homepage_url": "",
            "html_url": "https://github.com/slopwell/web-framework-n-knocks",
            "http_clone_url": "https://github.com/slopwell/web-framework-n-knocks.git",
            "id": "web-framework-n-knocks",
            "ignore_vulnerability_alerts_during_read": null,
            "is_template": false,
            "license_template": null,
            "merge_commit_message": "PR_TITLE",
            "merge_commit_title": "MERGE_MESSAGE",
            "name": "web-framework-n-knocks",
            "node_id": "R_kgDOPK2I-Q",
            "pages": [],
            "primary_language": "",
            "private": false,
            "repo_id": 1018005753,
            "security_and_analysis": [
              {
                "advanced_security": [],
                "secret_scanning": [
                  {
                    "status": "enabled"
                  }
                ],
                "secret_scanning_push_protection": [
                  {
                    "status": "enabled"
                  }
                ]
              }
            ],
            "squash_merge_commit_message": "COMMIT_MESSAGES",
            "squash_merge_commit_title": "COMMIT_OR_PR_TITLE",
            "ssh_clone_url": "git@github.com:slopwell/web-framework-n-knocks.git",
            "svn_url": "https://github.com/slopwell/web-framework-n-knocks",
            "template": [],
            "topics": [
              "learning",
              "web-framework"
            ],
            "visibility": "public",
            "vulnerability_alerts": false,
            "web_commit_signoff_required": false
          },
          "sensitive_attributes": [],
          "identity_schema_version": 0,
          "private": "eyJzY2hlbWFfdmVyc2lvbiI6IjEifQ=="
        }
      ]
    },
    {
      "module": "module.web_framework_n_knocks",
      "mode": "managed",
      "type": "github_repository_ruleset",
      "name": "main_branch_protection",
      "provider": "provider[\"registry.terraform.io/hashicorp/github\"]",
      "instances": [
        {
          "schema_version": 1,
          "attributes": {
            "bypass_actors": [
              {
                "actor_id": 5,
                "actor_type": "RepositoryRole",
                "bypass_mode": "always"
              }
            ],
            "conditions": [
              {
                "ref_name": [
                  {
                    "exclude": [],
                    "include": [
                      "~DEFAULT_BRANCH"
                    ]
                  }
                ]
              }
            ],
            "enforcement": "active",
            "etag": "W/\"f37e4a78314d340354333fa40e872fc3adf7c0afdd0363a613120454148c298a\"",
            "id": "6640832",
            "name": "Main Branch Protection",
            "node_id": "RRS_lACqUmVwb3NpdG9yec48rYj5zgBlVMA",
            "repository": "web-framework-n-knocks",
            "rules": [
              {
                "branch_name_pattern": [],
                "commit_author_email_pattern": [],
                "commit_message_pattern": [],
                "committer_email_pattern": [],
                "creation": false,
                "deletion": false,
                "merge_queue": [],
                "non_fast_forward": false,
                "pull_request": [
                  {
                    "dismiss_stale_reviews_on_push": false,
                    "require_code_owner_review": true,
                    "require_last_push_approval": false,
                    "required_approving_review_count": 0,
                    "required_review_thread_resolution": false
                  }
                ],
                "required_code_scanning": [],
                "required_deployments": [],
                "required_linear_history": true,
                "required_signatures": false,
                "required_status_checks": [],
                "tag_name_pattern": [],
                "update": false,
                "update_allows_fetch_and_merge": false
              }
            ],
            "ruleset_id": 6640832,
            "target": "branch"
          },
          "sensitive_attributes": [],
          "identity_schema_version": 0,
          "private": "eyJzY2hlbWFfdmVyc2lvbiI6IjEifQ==",
          "dependencies": [
            "module.web_framework_n_knocks.github_repository.repository"
          ]
        }
      ]
    }
  ],
  "check_results": null
}
