{
  "version": 4,
  "terraform_version": "1.12.1",
  "serial": 17,
  "lineage": "f03f031c-5454-92f5-8bac-ac9e4aebf83e",
  "outputs": {},
  "resources": [
    {
      "module": "module.pts_viewer",
      "mode": "managed",
      "type": "github_repository",
      "name": "repository",
      "provider": "provider[\"registry.terraform.io/hashicorp/github\"]",
      "instances": [
        {
          "schema_version": 1,
          "attributes": {
            "allow_auto_merge": false,
            "allow_merge_commit": true,
            "allow_rebase_merge": true,
            "allow_squash_merge": true,
            "allow_update_branch": false,
            "archive_on_destroy": null,
            "archived": false,
            "auto_init": false,
            "default_branch": "main",
            "delete_branch_on_merge": false,
            "description": "共通棚割ファイルの可視化ツール",
            "etag": "W/\"10bb4a88bc36326060c0aa2d8de2ac783d40094af3b49c76f3269c57f6d98378\"",
            "full_name": "slopwell/pts-viewer",
            "git_clone_url": "git://github.com/slopwell/pts-viewer.git",
            "gitignore_template": null,
            "has_discussions": false,
            "has_downloads": false,
            "has_issues": true,
            "has_projects": false,
            "has_wiki": true,
            "homepage_url": "",
            "html_url": "https://github.com/slopwell/pts-viewer",
            "http_clone_url": "https://github.com/slopwell/pts-viewer.git",
            "id": "pts-viewer",
            "ignore_vulnerability_alerts_during_read": null,
            "is_template": false,
            "license_template": null,
            "merge_commit_message": "PR_TITLE",
            "merge_commit_title": "MERGE_MESSAGE",
            "name": "pts-viewer",
            "node_id": "R_kgDOQAwWaQ",
            "pages": [],
            "primary_language": "",
            "private": false,
            "repo_id": 1074533993,
            "security_and_analysis": [
              {
                "advanced_security": [],
                "secret_scanning": [
                  {
                    "status": "enabled"
                  }
                ],
                "secret_scanning_push_protection": [
                  {
                    "status": "enabled"
                  }
                ]
              }
            ],
            "squash_merge_commit_message": "COMMIT_MESSAGES",
            "squash_merge_commit_title": "COMMIT_OR_PR_TITLE",
            "ssh_clone_url": "git@github.com:slopwell/pts-viewer.git",
            "svn_url": "https://github.com/slopwell/pts-viewer",
            "template": [],
            "topics": [
              "sandbox"
            ],
            "visibility": "public",
            "vulnerability_alerts": false,
            "web_commit_signoff_required": false
          },
          "sensitive_attributes": [],
          "identity_schema_version": 0,
          "private": "eyJzY2hlbWFfdmVyc2lvbiI6IjEifQ=="
        }
      ]
    },
    {
      "module": "module.pts_viewer",
      "mode": "managed",
      "type": "github_repository_file",
      "name": "initial_commit",
      "provider": "provider[\"registry.terraform.io/hashicorp/github\"]",
      "instances": [
        {
          "schema_version": 0,
          "attributes": {
            "autocreate_branch": null,
            "autocreate_branch_source_branch": null,
            "autocreate_branch_source_sha": null,
            "branch": null,
            "commit_author": null,
            "commit_email": null,
            "commit_message": "Initial commit",
            "commit_sha": "e14df6c15bbf41061a81c3af71c9d310f3c69536",
            "content": "This is initial commit in repository.",
            "file": "README.md",
            "id": "pts-viewer/README.md",
            "overwrite_on_create": true,
            "ref": "main",
            "repository": "pts-viewer",
            "sha": "3f81313bbc28803737879836b42683aa3bf4a411"
          },
          "sensitive_attributes": [],
          "identity_schema_version": 0,
          "private": "bnVsbA==",
          "dependencies": [
            "module.pts_viewer.github_repository.repository"
          ]
        }
      ]
    },
    {
      "module": "module.pts_viewer",
      "mode": "managed",
      "type": "github_repository_ruleset",
      "name": "main_branch_protection",
      "provider": "provider[\"registry.terraform.io/hashicorp/github\"]",
      "instances": [
        {
          "schema_version": 1,
          "attributes": {
            "bypass_actors": [
              {
                "actor_id": 5,
                "actor_type": "RepositoryRole",
                "bypass_mode": "always"
              }
            ],
            "conditions": [
              {
                "ref_name": [
                  {
                    "exclude": [],
                    "include": [
                      "~DEFAULT_BRANCH"
                    ]
                  }
                ]
              }
            ],
            "enforcement": "active",
            "etag": "W/\"562613ea52b50cafcee3adb38e21f3237f20e986037fdaa57b345eb231cea077\"",
            "id": "8815958",
            "name": "Main Branch Protection",
            "node_id": "RRS_lACqUmVwb3NpdG9yec5ADBZpzgCGhVY",
            "repository": "pts-viewer",
            "rules": [
              {
                "branch_name_pattern": [],
                "commit_author_email_pattern": [],
                "commit_message_pattern": [],
                "committer_email_pattern": [],
                "creation": false,
                "deletion": false,
                "merge_queue": [],
                "non_fast_forward": false,
                "pull_request": [
                  {
                    "dismiss_stale_reviews_on_push": false,
                    "require_code_owner_review": true,
                    "require_last_push_approval": false,
                    "required_approving_review_count": 0,
                    "required_review_thread_resolution": false
                  }
                ],
                "required_code_scanning": [],
                "required_deployments": [],
                "required_linear_history": true,
                "required_signatures": false,
                "required_status_checks": [],
                "tag_name_pattern": [],
                "update": false,
                "update_allows_fetch_and_merge": false
              }
            ],
            "ruleset_id": 8815958,
            "target": "branch"
          },
          "sensitive_attributes": [],
          "identity_schema_version": 0,
          "private": "eyJzY2hlbWFfdmVyc2lvbiI6IjEifQ==",
          "dependencies": [
            "module.pts_viewer.github_repository.repository"
          ]
        }
      ]
    },
    {
      "module": "module.web_framework_n_knocks",
      "mode": "managed",
      "type": "github_branch_default",
      "name": "main",
      "provider": "provider[\"registry.terraform.io/hashicorp/github\"]",
      "instances": [
        {
          "schema_version": 0,
          "attributes": {
            "branch": "main",
            "etag": "W/\"387677c015b71b4bd25e2663f50257c494174699440f02b32c9f53f8991faad1\"",
            "id": "web-framework-n-knocks",
            "rename": false,
            "repository": "web-framework-n-knocks"
          },
          "sensitive_attributes": [],
          "identity_schema_version": 0,
          "private": "bnVsbA==",
          "dependencies": [
            "module.web_framework_n_knocks.github_repository.repository"
          ]
        }
      ]
    },
    {
      "module": "module.web_framework_n_knocks",
      "mode": "managed",
      "type": "github_repository",
      "name": "repository",
      "provider": "provider[\"registry.terraform.io/hashicorp/github\"]",
      "instances": [
        {
          "schema_version": 1,
          "attributes": {
            "allow_auto_merge": false,
            "allow_merge_commit": true,
            "allow_rebase_merge": true,
            "allow_squash_merge": true,
            "allow_update_branch": false,
            "archive_on_destroy": null,
            "archived": false,
            "auto_init": false,
            "default_branch": "main",
            "delete_branch_on_merge": false,
            "description": "Webフレームワークを学ぶためのリポジトリ",
            "etag": "W/\"dc54125ef7dc3e677108260aa9ace827fd12b4f9ff870da3cd1efc894edc05f6\"",
            "full_name": "slopwell/web-framework-n-knocks",
            "git_clone_url": "git://github.com/slopwell/web-framework-n-knocks.git",
            "gitignore_template": null,
            "has_discussions": false,
            "has_downloads": false,
            "has_issues": true,
            "has_projects": false,
            "has_wiki": true,
            "homepage_url": "",
            "html_url": "https://github.com/slopwell/web-framework-n-knocks",
            "http_clone_url": "https://github.com/slopwell/web-framework-n-knocks.git",
            "id": "web-framework-n-knocks",
            "ignore_vulnerability_alerts_during_read": null,
            "is_template": false,
            "license_template": null,
            "merge_commit_message": "PR_TITLE",
            "merge_commit_title": "MERGE_MESSAGE",
            "name": "web-framework-n-knocks",
            "node_id": "R_kgDOPK2I-Q",
            "pages": [],
            "primary_language": "HTML",
            "private": false,
            "repo_id": 1018005753,
            "security_and_analysis": [
              {
                "advanced_security": [],
                "secret_scanning": [
                  {
                    "status": "enabled"
                  }
                ],
                "secret_scanning_push_protection": [
                  {
                    "status": "enabled"
                  }
                ]
              }
            ],
            "squash_merge_commit_message": "COMMIT_MESSAGES",
            "squash_merge_commit_title": "COMMIT_OR_PR_TITLE",
            "ssh_clone_url": "git@github.com:slopwell/web-framework-n-knocks.git",
            "svn_url": "https://github.com/slopwell/web-framework-n-knocks",
            "template": [],
            "topics": [
              "learning",
              "web-framework"
            ],
            "visibility": "public",
            "vulnerability_alerts": false,
            "web_commit_signoff_required": false
          },
          "sensitive_attributes": [],
          "identity_schema_version": 0,
          "private": "eyJzY2hlbWFfdmVyc2lvbiI6IjEifQ=="
        }
      ]
    },
    {
      "module": "module.web_framework_n_knocks",
      "mode": "managed",
      "type": "github_repository_file",
      "name": "initial_commit",
      "provider": "provider[\"registry.terraform.io/hashicorp/github\"]",
      "instances": [
        {
          "schema_version": 0,
          "attributes": {
            "autocreate_branch": null,
            "autocreate_branch_source_branch": null,
            "autocreate_branch_source_sha": null,
            "branch": null,
            "commit_author": null,
            "commit_email": null,
            "commit_message": "Initial commit",
            "commit_sha": "22ce32f8ad5cc87d6cfad3c7698e43038624887c",
            "content": "This is initial commit in repository.",
            "file": "README.md",
            "id": "web-framework-n-knocks/README.md",
            "overwrite_on_create": true,
            "ref": "main",
            "repository": "web-framework-n-knocks",
            "sha": "3f81313bbc28803737879836b42683aa3bf4a411"
          },
          "sensitive_attributes": [],
          "identity_schema_version": 0,
          "private": "bnVsbA==",
          "dependencies": [
            "module.web_framework_n_knocks.github_repository.repository"
          ]
        }
      ]
    },
    {
      "module": "module.web_framework_n_knocks",
      "mode": "managed",
      "type": "github_repository_ruleset",
      "name": "main_branch_protection",
      "provider": "provider[\"registry.terraform.io/hashicorp/github\"]",
      "instances": [
        {
          "schema_version": 1,
          "attributes": {
            "bypass_actors": [
              {
                "actor_id": 5,
                "actor_type": "RepositoryRole",
                "bypass_mode": "always"
              }
            ],
            "conditions": [
              {
                "ref_name": [
                  {
                    "exclude": [],
                    "include": [
                      "~DEFAULT_BRANCH"
                    ]
                  }
                ]
              }
            ],
            "enforcement": "active",
            "etag": "W/\"f37e4a78314d340354333fa40e872fc3adf7c0afdd0363a613120454148c298a\"",
            "id": "6640832",
            "name": "Main Branch Protection",
            "node_id": "RRS_lACqUmVwb3NpdG9yec48rYj5zgBlVMA",
            "repository": "web-framework-n-knocks",
            "rules": [
              {
                "branch_name_pattern": [],
                "commit_author_email_pattern": [],
                "commit_message_pattern": [],
                "committer_email_pattern": [],
                "creation": false,
                "deletion": false,
                "merge_queue": [],
                "non_fast_forward": false,
                "pull_request": [
                  {
                    "dismiss_stale_reviews_on_push": false,
                    "require_code_owner_review": true,
                    "require_last_push_approval": false,
                    "required_approving_review_count": 0,
                    "required_review_thread_resolution": false
                  }
                ],
                "required_code_scanning": [],
                "required_deployments": [],
                "required_linear_history": true,
                "required_signatures": false,
                "required_status_checks": [],
                "tag_name_pattern": [],
                "update": false,
                "update_allows_fetch_and_merge": false
              }
            ],
            "ruleset_id": 6640832,
            "target": "branch"
          },
          "sensitive_attributes": [],
          "identity_schema_version": 0,
          "private": "eyJzY2hlbWFfdmVyc2lvbiI6IjEifQ==",
          "dependencies": [
            "module.web_framework_n_knocks.github_repository.repository"
          ]
        }
      ]
    }
  ],
  "check_results": null
}
